
Microsoft Visual Studio Solution File, Format Version 12.00
# Visual Studio Version 17
VisualStudioVersion = 17.5.33530.505
MinimumVisualStudioVersion = 10.0.40219.1
Project("{FAE04EC0-301F-11D3-BF4B-00C04F79EFBC}") = "PainKiller.DockubeApps.DockubeApi", "PainKiller.DockubeApps.DockubeApi\PainKiller.DockubeApps.DockubeApi.csproj", "{38642817-A27F-4C82-9E1B-D08118E4CCFE}"
EndProject
Global
	GlobalSection(SolutionConfigurationPlatforms) = preSolution
		Debug|Any CPU = Debug|Any CPU
		Release|Any CPU = Release|Any CPU
	EndGlobalSection
	GlobalSection(ProjectConfigurationPlatforms) = postSolution
		{38642817-A27F-4C82-9E1B-D08118E4CCFE}.Debug|Any CPU.ActiveCfg = Debug|Any CPU
		{38642817-A27F-4C82-9E1B-D08118E4CCFE}.Debug|Any CPU.Build.0 = Debug|Any CPU
		{38642817-A27F-4C82-9E1B-D08118E4CCFE}.Release|Any CPU.ActiveCfg = Release|Any CPU
		{38642817-A27F-4C82-9E1B-D08118E4CCFE}.Release|Any CPU.Build.0 = Release|Any CPU
	EndGlobalSection
	GlobalSection(SolutionProperties) = preSolution
		HideSolutionNode = FALSE
	EndGlobalSection
	GlobalSection(ExtensibilityGlobals) = postSolution
		SolutionGuid = {244AD6D9-E6F0-4E13-9559-D100DB52D30D}
	EndGlobalSection
EndGlobal
