
Microsoft Visual Studio Solution File, Format Version 12.00
# Visual Studio Version 17
VisualStudioVersion = 17.5.33530.505
MinimumVisualStudioVersion = 10.0.40219.1
Project("{2150E333-8FDC-42A3-9474-1A3956D46DE8}") = "Api", "Api", "{E05DCAEA-48E3-4F5A-8385-5A39579D1BDB}"
EndProject
Project("{2150E333-8FDC-42A3-9474-1A3956D46DE8}") = "Client", "Client", "{F33BE527-E225-4ADA-A556-FE7A0BA28C55}"
EndProject
Project("{9A19103F-16F7-4668-BE54-9A1E7A4F7556}") = "PainKiller.DockubeApi", "Api\PainKiller.DockubeApi\PainKiller.DockubeApi.csproj", "{13A9DA59-33D1-4F38-BFBC-B178FB9D90ED}"
EndProject
Project("{FAE04EC0-301F-11D3-BF4B-00C04F79EFBC}") = "PainKiller.Dockube.Shared", "PainKiller.Dockube.Shared\PainKiller.Dockube.Shared.csproj", "{CDFA9EEE-195F-4E6D-A1F5-9F514690E00E}"
EndProject
Global
	GlobalSection(SolutionConfigurationPlatforms) = preSolution
		Debug|Any CPU = Debug|Any CPU
		Release|Any CPU = Release|Any CPU
	EndGlobalSection
	GlobalSection(ProjectConfigurationPlatforms) = postSolution
		{13A9DA59-33D1-4F38-BFBC-B178FB9D90ED}.Debug|Any CPU.ActiveCfg = Debug|Any CPU
		{13A9DA59-33D1-4F38-BFBC-B178FB9D90ED}.Debug|Any CPU.Build.0 = Debug|Any CPU
		{13A9DA59-33D1-4F38-BFBC-B178FB9D90ED}.Release|Any CPU.ActiveCfg = Release|Any CPU
		{13A9DA59-33D1-4F38-BFBC-B178FB9D90ED}.Release|Any CPU.Build.0 = Release|Any CPU
		{CDFA9EEE-195F-4E6D-A1F5-9F514690E00E}.Debug|Any CPU.ActiveCfg = Debug|Any CPU
		{CDFA9EEE-195F-4E6D-A1F5-9F514690E00E}.Debug|Any CPU.Build.0 = Debug|Any CPU
		{CDFA9EEE-195F-4E6D-A1F5-9F514690E00E}.Release|Any CPU.ActiveCfg = Release|Any CPU
		{CDFA9EEE-195F-4E6D-A1F5-9F514690E00E}.Release|Any CPU.Build.0 = Release|Any CPU
	EndGlobalSection
	GlobalSection(SolutionProperties) = preSolution
		HideSolutionNode = FALSE
	EndGlobalSection
	GlobalSection(NestedProjects) = preSolution
		{13A9DA59-33D1-4F38-BFBC-B178FB9D90ED} = {E05DCAEA-48E3-4F5A-8385-5A39579D1BDB}
	EndGlobalSection
	GlobalSection(ExtensibilityGlobals) = postSolution
		SolutionGuid = {244AD6D9-E6F0-4E13-9559-D100DB52D30D}
	EndGlobalSection
EndGlobal
